
Microsoft Visual Studio Solution File, Format Version 12.00
# Visual Studio Version 17
VisualStudioVersion = 17.5.2.0
MinimumVisualStudioVersion = 10.0.40219.1
Project("{FAE04EC0-301F-11D3-BF4B-00C04F79EFBC}") = "BasicProgramming", "BasicProgramming\BasicProgramming.csproj", "{FFE59ADF-549F-3B2A-8139-FB663CAE7D7D}"
EndProject
Project("{FAE04EC0-301F-11D3-BF4B-00C04F79EFBC}") = "OddEventApp", "OddEventApp\OddEventApp.csproj", "{2C64FEBB-FD9C-22B5-06A7-FE3ADB22691D}"
EndProject
Project("{FAE04EC0-301F-11D3-BF4B-00C04F79EFBC}") = "VendingMachineApp", "VendingMachineApp\VendingMachineApp.csproj", "{E16D7143-CF72-42AE-A066-952660FDF6A8}"
EndProject
Global
	GlobalSection(SolutionConfigurationPlatforms) = preSolution
		Debug|Any CPU = Debug|Any CPU
		Debug|x64 = Debug|x64
		Debug|x86 = Debug|x86
		Release|Any CPU = Release|Any CPU
		Release|x64 = Release|x64
		Release|x86 = Release|x86
	EndGlobalSection
	GlobalSection(ProjectConfigurationPlatforms) = postSolution
		{FFE59ADF-549F-3B2A-8139-FB663CAE7D7D}.Debug|Any CPU.ActiveCfg = Debug|Any CPU
		{FFE59ADF-549F-3B2A-8139-FB663CAE7D7D}.Debug|Any CPU.Build.0 = Debug|Any CPU
		{FFE59ADF-549F-3B2A-8139-FB663CAE7D7D}.Debug|x64.ActiveCfg = Debug|Any CPU
		{FFE59ADF-549F-3B2A-8139-FB663CAE7D7D}.Debug|x64.Build.0 = Debug|Any CPU
		{FFE59ADF-549F-3B2A-8139-FB663CAE7D7D}.Debug|x86.ActiveCfg = Debug|Any CPU
		{FFE59ADF-549F-3B2A-8139-FB663CAE7D7D}.Debug|x86.Build.0 = Debug|Any CPU
		{FFE59ADF-549F-3B2A-8139-FB663CAE7D7D}.Release|Any CPU.ActiveCfg = Release|Any CPU
		{FFE59ADF-549F-3B2A-8139-FB663CAE7D7D}.Release|Any CPU.Build.0 = Release|Any CPU
		{FFE59ADF-549F-3B2A-8139-FB663CAE7D7D}.Release|x64.ActiveCfg = Release|Any CPU
		{FFE59ADF-549F-3B2A-8139-FB663CAE7D7D}.Release|x64.Build.0 = Release|Any CPU
		{FFE59ADF-549F-3B2A-8139-FB663CAE7D7D}.Release|x86.ActiveCfg = Release|Any CPU
		{FFE59ADF-549F-3B2A-8139-FB663CAE7D7D}.Release|x86.Build.0 = Release|Any CPU
		{2C64FEBB-FD9C-22B5-06A7-FE3ADB22691D}.Debug|Any CPU.ActiveCfg = Debug|Any CPU
		{2C64FEBB-FD9C-22B5-06A7-FE3ADB22691D}.Debug|Any CPU.Build.0 = Debug|Any CPU
		{2C64FEBB-FD9C-22B5-06A7-FE3ADB22691D}.Debug|x64.ActiveCfg = Debug|Any CPU
		{2C64FEBB-FD9C-22B5-06A7-FE3ADB22691D}.Debug|x64.Build.0 = Debug|Any CPU
		{2C64FEBB-FD9C-22B5-06A7-FE3ADB22691D}.Debug|x86.ActiveCfg = Debug|Any CPU
		{2C64FEBB-FD9C-22B5-06A7-FE3ADB22691D}.Debug|x86.Build.0 = Debug|Any CPU
		{2C64FEBB-FD9C-22B5-06A7-FE3ADB22691D}.Release|Any CPU.ActiveCfg = Release|Any CPU
		{2C64FEBB-FD9C-22B5-06A7-FE3ADB22691D}.Release|Any CPU.Build.0 = Release|Any CPU
		{2C64FEBB-FD9C-22B5-06A7-FE3ADB22691D}.Release|x64.ActiveCfg = Release|Any CPU
		{2C64FEBB-FD9C-22B5-06A7-FE3ADB22691D}.Release|x64.Build.0 = Release|Any CPU
		{2C64FEBB-FD9C-22B5-06A7-FE3ADB22691D}.Release|x86.ActiveCfg = Release|Any CPU
		{2C64FEBB-FD9C-22B5-06A7-FE3ADB22691D}.Release|x86.Build.0 = Release|Any CPU
		{E16D7143-CF72-42AE-A066-952660FDF6A8}.Debug|Any CPU.ActiveCfg = Debug|Any CPU
		{E16D7143-CF72-42AE-A066-952660FDF6A8}.Debug|Any CPU.Build.0 = Debug|Any CPU
		{E16D7143-CF72-42AE-A066-952660FDF6A8}.Debug|x64.ActiveCfg = Debug|Any CPU
		{E16D7143-CF72-42AE-A066-952660FDF6A8}.Debug|x64.Build.0 = Debug|Any CPU
		{E16D7143-CF72-42AE-A066-952660FDF6A8}.Debug|x86.ActiveCfg = Debug|Any CPU
		{E16D7143-CF72-42AE-A066-952660FDF6A8}.Debug|x86.Build.0 = Debug|Any CPU
		{E16D7143-CF72-42AE-A066-952660FDF6A8}.Release|Any CPU.ActiveCfg = Release|Any CPU
		{E16D7143-CF72-42AE-A066-952660FDF6A8}.Release|Any CPU.Build.0 = Release|Any CPU
		{E16D7143-CF72-42AE-A066-952660FDF6A8}.Release|x64.ActiveCfg = Release|Any CPU
		{E16D7143-CF72-42AE-A066-952660FDF6A8}.Release|x64.Build.0 = Release|Any CPU
		{E16D7143-CF72-42AE-A066-952660FDF6A8}.Release|x86.ActiveCfg = Release|Any CPU
		{E16D7143-CF72-42AE-A066-952660FDF6A8}.Release|x86.Build.0 = Release|Any CPU
	EndGlobalSection
	GlobalSection(SolutionProperties) = preSolution
		HideSolutionNode = FALSE
	EndGlobalSection
	GlobalSection(ExtensibilityGlobals) = postSolution
		SolutionGuid = {ABE41F6D-03AB-40BE-A700-CF44DC8DA396}
	EndGlobalSection
EndGlobal
